{
    "_readme": [
        "This file locks the dependencies of your project to a known state",
        "Read more about it at https://getcomposer.org/doc/01-basic-usage.md#composer-lock-the-lock-file",
        "This file is @generated automatically"
    ],
    "hash": "697dd628ec4bafcae35a24eed5fc24a3",
    "content-hash": "1fdd3319df32eaa77dfeb509dcb36674",
    "packages": [
        {
            "name": "carlbennett/php-mvc",
            "version": "2.1.2",
            "source": {
                "type": "git",
                "url": "https://github.com/carlbennett/php-mvc.git",
                "reference": "d867a436be1e304ded9a0d09fd6d034358894b89"
            },
            "dist": {
                "type": "zip",
                "url": "https://api.github.com/repos/carlbennett/php-mvc/zipball/d867a436be1e304ded9a0d09fd6d034358894b89",
                "reference": "d867a436be1e304ded9a0d09fd6d034358894b89",
                "shasum": ""
            },
            "require": {
                "ext-curl": "*",
                "ext-geoip": "*",
                "ext-gmp": "*",
                "ext-http": "*",
                "ext-json": "*",
                "ext-mbstring": "*",
                "ext-mcrypt": "*",
                "ext-memcached": "*",
                "ext-pdo": "*",
                "php-64bit": ">=5.5.0"
            },
            "type": "library",
            "autoload": {
                "psr-4": {
                    "CarlBennett\\MVC\\Libraries\\": "src/libraries"
                }
            },
            "notification-url": "https://packagist.org/downloads/",
            "license": [
                "AGPLv3"
            ],
            "authors": [
                {
                    "name": "Carl Bennett",
                    "email": "carl@carlbennett.me"
                }
            ],
            "description": "A web content management system (CMS) compatible for use as a frontend and backend.",
            "homepage": "https://github.com/carlbennett/php-mvc",
            "keywords": [
                "api",
                "backend",
                "cms",
                "content",
                "frontend",
                "management",
                "mvc",
                "php",
                "rest",
                "restful",
                "system"
            ],
            "time": "2016-08-25 01:52:21"
        }
    ],
    "packages-dev": [],
    "aliases": [],
    "minimum-stability": "stable",
    "stability-flags": [],
    "prefer-stable": false,
    "prefer-lowest": false,
    "platform": {
        "ext-curl": "*",
        "ext-geoip": "*",
        "ext-gmp": "*",
        "ext-http": "*",
        "ext-json": "*",
        "ext-mbstring": "*",
        "ext-mcrypt": "*",
        "ext-memcached": "*",
        "ext-pdo": "*",
        "php-64bit": ">=5.5.0"
    },
    "platform-dev": []
}
